// !$*UTF8*$!
{
	archiveVersion = 1;
	classes = {
	};
	objectVersion = 55;
	objects = {

/* Begin PBXBuildFile section */
		BD26C1F828871E0C00A0DFE1 /* AppDelegate.swift in Sources */ = {isa = PBXBuildFile; fileRef = BD26C1F728871E0C00A0DFE1 /* AppDelegate.swift */; };
		BD26C1FA28871E0C00A0DFE1 /* SceneDelegate.swift in Sources */ = {isa = PBXBuildFile; fileRef = BD26C1F928871E0C00A0DFE1 /* SceneDelegate.swift */; };
		BD26C1FF28871E0C00A0DFE1 /* Main.storyboard in Resources */ = {isa = PBXBuildFile; fileRef = BD26C1FD28871E0C00A0DFE1 /* Main.storyboard */; };
		BD26C20228871E0C00A0DFE1 /* ToDoListProject.xcdatamodeld in Sources */ = {isa = PBXBuildFile; fileRef = BD26C20028871E0C00A0DFE1 /* ToDoListProject.xcdatamodeld */; };
		BD26C20428871E0F00A0DFE1 /* Assets.xcassets in Resources */ = {isa = PBXBuildFile; fileRef = BD26C20328871E0F00A0DFE1 /* Assets.xcassets */; };
		BD26C20728871E0F00A0DFE1 /* LaunchScreen.storyboard in Resources */ = {isa = PBXBuildFile; fileRef = BD26C20528871E0F00A0DFE1 /* LaunchScreen.storyboard */; };
		BD26C21228871E0F00A0DFE1 /* ToDoListProjectTests.swift in Sources */ = {isa = PBXBuildFile; fileRef = BD26C21128871E0F00A0DFE1 /* ToDoListProjectTests.swift */; };
		BD26C21C28871E0F00A0DFE1 /* ToDoListProjectUITests.swift in Sources */ = {isa = PBXBuildFile; fileRef = BD26C21B28871E0F00A0DFE1 /* ToDoListProjectUITests.swift */; };
		BD26C21E28871E0F00A0DFE1 /* ToDoListProjectUITestsLaunchTests.swift in Sources */ = {isa = PBXBuildFile; fileRef = BD26C21D28871E0F00A0DFE1 /* ToDoListProjectUITestsLaunchTests.swift */; };
		BD26C22B2887207C00A0DFE1 /* ToDoTableViewController.swift in Sources */ = {isa = PBXBuildFile; fileRef = BD26C22A2887207C00A0DFE1 /* ToDoTableViewController.swift */; };
		BD26C22D2887212E00A0DFE1 /* ToDo.swift in Sources */ = {isa = PBXBuildFile; fileRef = BD26C22C2887212E00A0DFE1 /* ToDo.swift */; };
		BD26C22F2887289900A0DFE1 /* AddToViewController.swift in Sources */ = {isa = PBXBuildFile; fileRef = BD26C22E2887289900A0DFE1 /* AddToViewController.swift */; };
/* End PBXBuildFile section */

/* Begin PBXContainerItemProxy section */
		BD26C20E28871E0F00A0DFE1 /* PBXContainerItemProxy */ = {
			isa = PBXContainerItemProxy;
			containerPortal = BD26C1EC28871E0C00A0DFE1 /* Project object */;
			proxyType = 1;
			remoteGlobalIDString = BD26C1F328871E0C00A0DFE1;
			remoteInfo = ToDoListProject;
		};
		BD26C21828871E0F00A0DFE1 /* PBXContainerItemProxy */ = {
			isa = PBXContainerItemProxy;
			containerPortal = BD26C1EC28871E0C00A0DFE1 /* Project object */;
			proxyType = 1;
			remoteGlobalIDString = BD26C1F328871E0C00A0DFE1;
			remoteInfo = ToDoListProject;
		};
/* End PBXContainerItemProxy section */

/* Begin PBXFileReference section */
		BD26C1F428871E0C00A0DFE1 /* ToDoListProject.app */ = {isa = PBXFileReference; explicitFileType = wrapper.application; includeInIndex = 0; path = ToDoListProject.app; sourceTree = BUILT_PRODUCTS_DIR; };
		BD26C1F728871E0C00A0DFE1 /* AppDelegate.swift */ = {isa = PBXFileReference; lastKnownFileType = sourcecode.swift; path = AppDelegate.swift; sourceTree = "<group>"; };
		BD26C1F928871E0C00A0DFE1 /* SceneDelegate.swift */ = {isa = PBXFileReference; lastKnownFileType = sourcecode.swift; path = SceneDelegate.swift; sourceTree = "<group>"; };
		BD26C1FE28871E0C00A0DFE1 /* Base */ = {isa = PBXFileReference; lastKnownFileType = file.storyboard; name = Base; path = Base.lproj/Main.storyboard; sourceTree = "<group>"; };
		BD26C20128871E0C00A0DFE1 /* ToDoListProject.xcdatamodel */ = {isa = PBXFileReference; lastKnownFileType = wrapper.xcdatamodel; path = ToDoListProject.xcdatamodel; sourceTree = "<group>"; };
		BD26C20328871E0F00A0DFE1 /* Assets.xcassets */ = {isa = PBXFileReference; lastKnownFileType = folder.assetcatalog; path = Assets.xcassets; sourceTree = "<group>"; };
		BD26C20628871E0F00A0DFE1 /* Base */ = {isa = PBXFileReference; lastKnownFileType = file.storyboard; name = Base; path = Base.lproj/LaunchScreen.storyboard; sourceTree = "<group>"; };
		BD26C20828871E0F00A0DFE1 /* Info.plist */ = {isa = PBXFileReference; lastKnownFileType = text.plist.xml; path = Info.plist; sourceTree = "<group>"; };
		BD26C20D28871E0F00A0DFE1 /* ToDoListProjectTests.xctest */ = {isa = PBXFileReference; explicitFileType = wrapper.cfbundle; includeInIndex = 0; path = ToDoListProjectTests.xctest; sourceTree = BUILT_PRODUCTS_DIR; };
		BD26C21128871E0F00A0DFE1 /* ToDoListProjectTests.swift */ = {isa = PBXFileReference; lastKnownFileType = sourcecode.swift; path = ToDoListProjectTests.swift; sourceTree = "<group>"; };
		BD26C21728871E0F00A0DFE1 /* ToDoListProjectUITests.xctest */ = {isa = PBXFileReference; explicitFileType = wrapper.cfbundle; includeInIndex = 0; path = ToDoListProjectUITests.xctest; sourceTree = BUILT_PRODUCTS_DIR; };
		BD26C21B28871E0F00A0DFE1 /* ToDoListProjectUITests.swift */ = {isa = PBXFileReference; lastKnownFileType = sourcecode.swift; path = ToDoListProjectUITests.swift; sourceTree = "<group>"; };
		BD26C21D28871E0F00A0DFE1 /* ToDoListProjectUITestsLaunchTests.swift */ = {isa = PBXFileReference; lastKnownFileType = sourcecode.swift; path = ToDoListProjectUITestsLaunchTests.swift; sourceTree = "<group>"; };
		BD26C22A2887207C00A0DFE1 /* ToDoTableViewController.swift */ = {isa = PBXFileReference; lastKnownFileType = sourcecode.swift; path = ToDoTableViewController.swift; sourceTree = "<group>"; };
		BD26C22C2887212E00A0DFE1 /* ToDo.swift */ = {isa = PBXFileReference; lastKnownFileType = sourcecode.swift; path = ToDo.swift; sourceTree = "<group>"; };
		BD26C22E2887289900A0DFE1 /* AddToViewController.swift */ = {isa = PBXFileReference; lastKnownFileType = sourcecode.swift; path = AddToViewController.swift; sourceTree = "<group>"; };
/* End PBXFileReference section */

/* Begin PBXFrameworksBuildPhase section */
		BD26C1F128871E0C00A0DFE1 /* Frameworks */ = {
			isa = PBXFrameworksBuildPhase;
			buildActionMask = 2147483647;
			files = (
			);
			runOnlyForDeploymentPostprocessing = 0;
		};
		BD26C20A28871E0F00A0DFE1 /* Frameworks */ = {
			isa = PBXFrameworksBuildPhase;
			buildActionMask = 2147483647;
			files = (
			);
			runOnlyForDeploymentPostprocessing = 0;
		};
		BD26C21428871E0F00A0DFE1 /* Frameworks */ = {
			isa = PBXFrameworksBuildPhase;
			buildActionMask = 2147483647;
			files = (
			);
			runOnlyForDeploymentPostprocessing = 0;
		};
/* End PBXFrameworksBuildPhase section */

/* Begin PBXGroup section */
		BD26C1EB28871E0C00A0DFE1 = {
			isa = PBXGroup;
			children = (
				BD26C1F628871E0C00A0DFE1 /* ToDoListProject */,
				BD26C21028871E0F00A0DFE1 /* ToDoListProjectTests */,
				BD26C21A28871E0F00A0DFE1 /* ToDoListProjectUITests */,
				BD26C1F528871E0C00A0DFE1 /* Products */,
			);
			sourceTree = "<group>";
		};
		BD26C1F528871E0C00A0DFE1 /* Products */ = {
			isa = PBXGroup;
			children = (
				BD26C1F428871E0C00A0DFE1 /* ToDoListProject.app */,
				BD26C20D28871E0F00A0DFE1 /* ToDoListProjectTests.xctest */,
				BD26C21728871E0F00A0DFE1 /* ToDoListProjectUITests.xctest */,
			);
			name = Products;
			sourceTree = "<group>";
		};
		BD26C1F628871E0C00A0DFE1 /* ToDoListProject */ = {
			isa = PBXGroup;
			children = (
				BD26C1F728871E0C00A0DFE1 /* AppDelegate.swift */,
				BD26C1F928871E0C00A0DFE1 /* SceneDelegate.swift */,
				BD26C1FD28871E0C00A0DFE1 /* Main.storyboard */,
				BD26C22E2887289900A0DFE1 /* AddToViewController.swift */,
				BD26C22C2887212E00A0DFE1 /* ToDo.swift */,
				BD26C22A2887207C00A0DFE1 /* ToDoTableViewController.swift */,
				BD26C20328871E0F00A0DFE1 /* Assets.xcassets */,
				BD26C20528871E0F00A0DFE1 /* LaunchScreen.storyboard */,
				BD26C20828871E0F00A0DFE1 /* Info.plist */,
				BD26C20028871E0C00A0DFE1 /* ToDoListProject.xcdatamodeld */,
			);
			path = ToDoListProject;
			sourceTree = "<group>";
		};
		BD26C21028871E0F00A0DFE1 /* ToDoListProjectTests */ = {
			isa = PBXGroup;
			children = (
				BD26C21128871E0F00A0DFE1 /* ToDoListProjectTests.swift */,
			);
			path = ToDoListProjectTests;
			sourceTree = "<group>";
		};
		BD26C21A28871E0F00A0DFE1 /* ToDoListProjectUITests */ = {
			isa = PBXGroup;
			children = (
				BD26C21B28871E0F00A0DFE1 /* ToDoListProjectUITests.swift */,
				BD26C21D28871E0F00A0DFE1 /* ToDoListProjectUITestsLaunchTests.swift */,
			);
			path = ToDoListProjectUITests;
			sourceTree = "<group>";
		};
/* End PBXGroup section */

/* Begin PBXNativeTarget section */
		BD26C1F328871E0C00A0DFE1 /* ToDoListProject */ = {
			isa = PBXNativeTarget;
			buildConfigurationList = BD26C22128871E0F00A0DFE1 /* Build configuration list for PBXNativeTarget "ToDoListProject" */;
			buildPhases = (
				BD26C1F028871E0C00A0DFE1 /* Sources */,
				BD26C1F128871E0C00A0DFE1 /* Frameworks */,
				BD26C1F228871E0C00A0DFE1 /* Resources */,
			);
			buildRules = (
			);
			dependencies = (
			);
			name = ToDoListProject;
			productName = ToDoListProject;
			productReference = BD26C1F428871E0C00A0DFE1 /* ToDoListProject.app */;
			productType = "com.apple.product-type.application";
		};
		BD26C20C28871E0F00A0DFE1 /* ToDoListProjectTests */ = {
			isa = PBXNativeTarget;
			buildConfigurationList = BD26C22428871E0F00A0DFE1 /* Build configuration list for PBXNativeTarget "ToDoListProjectTests" */;
			buildPhases = (
				BD26C20928871E0F00A0DFE1 /* Sources */,
				BD26C20A28871E0F00A0DFE1 /* Frameworks */,
				BD26C20B28871E0F00A0DFE1 /* Resources */,
			);
			buildRules = (
			);
			dependencies = (
				BD26C20F28871E0F00A0DFE1 /* PBXTargetDependency */,
			);
			name = ToDoListProjectTests;
			productName = ToDoListProjectTests;
			productReference = BD26C20D28871E0F00A0DFE1 /* ToDoListProjectTests.xctest */;
			productType = "com.apple.product-type.bundle.unit-test";
		};
		BD26C21628871E0F00A0DFE1 /* ToDoListProjectUITests */ = {
			isa = PBXNativeTarget;
			buildConfigurationList = BD26C22728871E0F00A0DFE1 /* Build configuration list for PBXNativeTarget "ToDoListProjectUITests" */;
			buildPhases = (
				BD26C21328871E0F00A0DFE1 /* Sources */,
				BD26C21428871E0F00A0DFE1 /* Frameworks */,
				BD26C21528871E0F00A0DFE1 /* Resources */,
			);
			buildRules = (
			);
			dependencies = (
				BD26C21928871E0F00A0DFE1 /* PBXTargetDependency */,
			);
			name = ToDoListProjectUITests;
			productName = ToDoListProjectUITests;
			productReference = BD26C21728871E0F00A0DFE1 /* ToDoListProjectUITests.xctest */;
			productType = "com.apple.product-type.bundle.ui-testing";
		};
/* End PBXNativeTarget section */

/* Begin PBXProject section */
		BD26C1EC28871E0C00A0DFE1 /* Project object */ = {
			isa = PBXProject;
			attributes = {
				BuildIndependentTargetsInParallel = 1;
				LastSwiftUpdateCheck = 1340;
				LastUpgradeCheck = 1340;
				TargetAttributes = {
					BD26C1F328871E0C00A0DFE1 = {
						CreatedOnToolsVersion = 13.4.1;
					};
					BD26C20C28871E0F00A0DFE1 = {
						CreatedOnToolsVersion = 13.4.1;
						TestTargetID = BD26C1F328871E0C00A0DFE1;
					};
					BD26C21628871E0F00A0DFE1 = {
						CreatedOnToolsVersion = 13.4.1;
						TestTargetID = BD26C1F328871E0C00A0DFE1;
					};
				};
			};
			buildConfigurationList = BD26C1EF28871E0C00A0DFE1 /* Build configuration list for PBXProject "ToDoListProject" */;
			compatibilityVersion = "Xcode 13.0";
			developmentRegion = en;
			hasScannedForEncodings = 0;
			knownRegions = (
				en,
				Base,
			);
			mainGroup = BD26C1EB28871E0C00A0DFE1;
			productRefGroup = BD26C1F528871E0C00A0DFE1 /* Products */;
			projectDirPath = "";
			projectRoot = "";
			targets = (
				BD26C1F328871E0C00A0DFE1 /* ToDoListProject */,
				BD26C20C28871E0F00A0DFE1 /* ToDoListProjectTests */,
				BD26C21628871E0F00A0DFE1 /* ToDoListProjectUITests */,
			);
		};
/* End PBXProject section */

/* Begin PBXResourcesBuildPhase section */
		BD26C1F228871E0C00A0DFE1 /* Resources */ = {
			isa = PBXResourcesBuildPhase;
			buildActionMask = 2147483647;
			files = (
				BD26C20728871E0F00A0DFE1 /* LaunchScreen.storyboard in Resources */,
				BD26C20428871E0F00A0DFE1 /* Assets.xcassets in Resources */,
				BD26C1FF28871E0C00A0DFE1 /* Main.storyboard in Resources */,
			);
			runOnlyForDeploymentPostprocessing = 0;
		};
		BD26C20B28871E0F00A0DFE1 /* Resources */ = {
			isa = PBXResourcesBuildPhase;
			buildActionMask = 2147483647;
			files = (
			);
			runOnlyForDeploymentPostprocessing = 0;
		};
		BD26C21528871E0F00A0DFE1 /* Resources */ = {
			isa = PBXResourcesBuildPhase;
			buildActionMask = 2147483647;
			files = (
			);
			runOnlyForDeploymentPostprocessing = 0;
		};
/* End PBXResourcesBuildPhase section */

/* Begin PBXSourcesBuildPhase section */
		BD26C1F028871E0C00A0DFE1 /* Sources */ = {
			isa = PBXSourcesBuildPhase;
			buildActionMask = 2147483647;
			files = (
				BD26C20228871E0C00A0DFE1 /* ToDoListProject.xcdatamodeld in Sources */,
				BD26C22F2887289900A0DFE1 /* AddToViewController.swift in Sources */,
				BD26C22D2887212E00A0DFE1 /* ToDo.swift in Sources */,
				BD26C22B2887207C00A0DFE1 /* ToDoTableViewController.swift in Sources */,
				BD26C1F828871E0C00A0DFE1 /* AppDelegate.swift in Sources */,
				BD26C1FA28871E0C00A0DFE1 /* SceneDelegate.swift in Sources */,
			);
			runOnlyForDeploymentPostprocessing = 0;
		};
		BD26C20928871E0F00A0DFE1 /* Sources */ = {
			isa = PBXSourcesBuildPhase;
			buildActionMask = 2147483647;
			files = (
				BD26C21228871E0F00A0DFE1 /* ToDoListProjectTests.swift in Sources */,
			);
			runOnlyForDeploymentPostprocessing = 0;
		};
		BD26C21328871E0F00A0DFE1 /* Sources */ = {
			isa = PBXSourcesBuildPhase;
			buildActionMask = 2147483647;
			files = (
				BD26C21E28871E0F00A0DFE1 /* ToDoListProjectUITestsLaunchTests.swift in Sources */,
				BD26C21C28871E0F00A0DFE1 /* ToDoListProjectUITests.swift in Sources */,
			);
			runOnlyForDeploymentPostprocessing = 0;
		};
/* End PBXSourcesBuildPhase section */

/* Begin PBXTargetDependency section */
		BD26C20F28871E0F00A0DFE1 /* PBXTargetDependency */ = {
			isa = PBXTargetDependency;
			target = BD26C1F328871E0C00A0DFE1 /* ToDoListProject */;
			targetProxy = BD26C20E28871E0F00A0DFE1 /* PBXContainerItemProxy */;
		};
		BD26C21928871E0F00A0DFE1 /* PBXTargetDependency */ = {
			isa = PBXTargetDependency;
			target = BD26C1F328871E0C00A0DFE1 /* ToDoListProject */;
			targetProxy = BD26C21828871E0F00A0DFE1 /* PBXContainerItemProxy */;
		};
/* End PBXTargetDependency section */

/* Begin PBXVariantGroup section */
		BD26C1FD28871E0C00A0DFE1 /* Main.storyboard */ = {
			isa = PBXVariantGroup;
			children = (
				BD26C1FE28871E0C00A0DFE1 /* Base */,
			);
			name = Main.storyboard;
			sourceTree = "<group>";
		};
		BD26C20528871E0F00A0DFE1 /* LaunchScreen.storyboard */ = {
			isa = PBXVariantGroup;
			children = (
				BD26C20628871E0F00A0DFE1 /* Base */,
			);
			name = LaunchScreen.storyboard;
			sourceTree = "<group>";
		};
/* End PBXVariantGroup section */

/* Begin XCBuildConfiguration section */
		BD26C21F28871E0F00A0DFE1 /* Debug */ = {
			isa = XCBuildConfiguration;
			buildSettings = {
				ALWAYS_SEARCH_USER_PATHS = NO;
				CLANG_ANALYZER_NONNULL = YES;
				CLANG_ANALYZER_NUMBER_OBJECT_CONVERSION = YES_AGGRESSIVE;
				CLANG_CXX_LANGUAGE_STANDARD = "gnu++17";
				CLANG_ENABLE_MODULES = YES;
				CLANG_ENABLE_OBJC_ARC = YES;
				CLANG_ENABLE_OBJC_WEAK = YES;
				CLANG_WARN_BLOCK_CAPTURE_AUTORELEASING = YES;
				CLANG_WARN_BOOL_CONVERSION = YES;
				CLANG_WARN_COMMA = YES;
				CLANG_WARN_CONSTANT_CONVERSION = YES;
				CLANG_WARN_DEPRECATED_OBJC_IMPLEMENTATIONS = YES;
				CLANG_WARN_DIRECT_OBJC_ISA_USAGE = YES_ERROR;
				CLANG_WARN_DOCUMENTATION_COMMENTS = YES;
				CLANG_WARN_EMPTY_BODY = YES;
				CLANG_WARN_ENUM_CONVERSION = YES;
				CLANG_WARN_INFINITE_RECURSION = YES;
				CLANG_WARN_INT_CONVERSION = YES;
				CLANG_WARN_NON_LITERAL_NULL_CONVERSION = YES;
				CLANG_WARN_OBJC_IMPLICIT_RETAIN_SELF = YES;
				CLANG_WARN_OBJC_LITERAL_CONVERSION = YES;
				CLANG_WARN_OBJC_ROOT_CLASS = YES_ERROR;
				CLANG_WARN_QUOTED_INCLUDE_IN_FRAMEWORK_HEADER = YES;
				CLANG_WARN_RANGE_LOOP_ANALYSIS = YES;
				CLANG_WARN_STRICT_PROTOTYPES = YES;
				CLANG_WARN_SUSPICIOUS_MOVE = YES;
				CLANG_WARN_UNGUARDED_AVAILABILITY = YES_AGGRESSIVE;
				CLANG_WARN_UNREACHABLE_CODE = YES;
				CLANG_WARN__DUPLICATE_METHOD_MATCH = YES;
				COPY_PHASE_STRIP = NO;
				DEBUG_INFORMATION_FORMAT = dwarf;
				ENABLE_STRICT_OBJC_MSGSEND = YES;
				ENABLE_TESTABILITY = YES;
				GCC_C_LANGUAGE_STANDARD = gnu11;
				GCC_DYNAMIC_NO_PIC = NO;
				GCC_NO_COMMON_BLOCKS = YES;
				GCC_OPTIMIZATION_LEVEL = 0;
				GCC_PREPROCESSOR_DEFINITIONS = (
					"DEBUG=1",
					"$(inherited)",
				);
				GCC_WARN_64_TO_32_BIT_CONVERSION = YES;
				GCC_WARN_ABOUT_RETURN_TYPE = YES_ERROR;
				GCC_WARN_UNDECLARED_SELECTOR = YES;
				GCC_WARN_UNINITIALIZED_AUTOS = YES_AGGRESSIVE;
				GCC_WARN_UNUSED_FUNCTION = YES;
				GCC_WARN_UNUSED_VARIABLE = YES;
				IPHONEOS_DEPLOYMENT_TARGET = 15.5;
				MTL_ENABLE_DEBUG_INFO = INCLUDE_SOURCE;
				MTL_FAST_MATH = YES;
				ONLY_ACTIVE_ARCH = YES;
				SDKROOT = iphoneos;
				SWIFT_ACTIVE_COMPILATION_CONDITIONS = DEBUG;
				SWIFT_OPTIMIZATION_LEVEL = "-Onone";
			};
			name = Debug;
		};
		BD26C22028871E0F00A0DFE1 /* Release */ = {
			isa = XCBuildConfiguration;
			buildSettings = {
				ALWAYS_SEARCH_USER_PATHS = NO;
				CLANG_ANALYZER_NONNULL = YES;
				CLANG_ANALYZER_NUMBER_OBJECT_CONVERSION = YES_AGGRESSIVE;
				CLANG_CXX_LANGUAGE_STANDARD = "gnu++17";
				CLANG_ENABLE_MODULES = YES;
				CLANG_ENABLE_OBJC_ARC = YES;
				CLANG_ENABLE_OBJC_WEAK = YES;
				CLANG_WARN_BLOCK_CAPTURE_AUTORELEASING = YES;
				CLANG_WARN_BOOL_CONVERSION = YES;
				CLANG_WARN_COMMA = YES;
				CLANG_WARN_CONSTANT_CONVERSION = YES;
				CLANG_WARN_DEPRECATED_OBJC_IMPLEMENTATIONS = YES;
				CLANG_WARN_DIRECT_OBJC_ISA_USAGE = YES_ERROR;
				CLANG_WARN_DOCUMENTATION_COMMENTS = YES;
				CLANG_WARN_EMPTY_BODY = YES;
				CLANG_WARN_ENUM_CONVERSION = YES;
				CLANG_WARN_INFINITE_RECURSION = YES;
				CLANG_WARN_INT_CONVERSION = YES;
				CLANG_WARN_NON_LITERAL_NULL_CONVERSION = YES;
				CLANG_WARN_OBJC_IMPLICIT_RETAIN_SELF = YES;
				CLANG_WARN_OBJC_LITERAL_CONVERSION = YES;
				CLANG_WARN_OBJC_ROOT_CLASS = YES_ERROR;
				CLANG_WARN_QUOTED_INCLUDE_IN_FRAMEWORK_HEADER = YES;
				CLANG_WARN_RANGE_LOOP_ANALYSIS = YES;
				CLANG_WARN_STRICT_PROTOTYPES = YES;
				CLANG_WARN_SUSPICIOUS_MOVE = YES;
				CLANG_WARN_UNGUARDED_AVAILABILITY = YES_AGGRESSIVE;
				CLANG_WARN_UNREACHABLE_CODE = YES;
				CLANG_WARN__DUPLICATE_METHOD_MATCH = YES;
				COPY_PHASE_STRIP = NO;
				DEBUG_INFORMATION_FORMAT = "dwarf-with-dsym";
				ENABLE_NS_ASSERTIONS = NO;
				ENABLE_STRICT_OBJC_MSGSEND = YES;
				GCC_C_LANGUAGE_STANDARD = gnu11;
				GCC_NO_COMMON_BLOCKS = YES;
				GCC_WARN_64_TO_32_BIT_CONVERSION = YES;
				GCC_WARN_ABOUT_RETURN_TYPE = YES_ERROR;
				GCC_WARN_UNDECLARED_SELECTOR = YES;
				GCC_WARN_UNINITIALIZED_AUTOS = YES_AGGRESSIVE;
				GCC_WARN_UNUSED_FUNCTION = YES;
				GCC_WARN_UNUSED_VARIABLE = YES;
				IPHONEOS_DEPLOYMENT_TARGET = 15.5;
				MTL_ENABLE_DEBUG_INFO = NO;
				MTL_FAST_MATH = YES;
				SDKROOT = iphoneos;
				SWIFT_COMPILATION_MODE = wholemodule;
				SWIFT_OPTIMIZATION_LEVEL = "-O";
				VALIDATE_PRODUCT = YES;
			};
			name = Release;
		};
		BD26C22228871E0F00A0DFE1 /* Debug */ = {
			isa = XCBuildConfiguration;
			buildSettings = {
				ASSETCATALOG_COMPILER_APPICON_NAME = AppIcon;
				ASSETCATALOG_COMPILER_GLOBAL_ACCENT_COLOR_NAME = AccentColor;
				CODE_SIGN_STYLE = Automatic;
				CURRENT_PROJECT_VERSION = 1;
				DEVELOPMENT_TEAM = Y2J6A4NK9W;
				GENERATE_INFOPLIST_FILE = YES;
				INFOPLIST_FILE = ToDoListProject/Info.plist;
				INFOPLIST_KEY_UIApplicationSupportsIndirectInputEvents = YES;
				INFOPLIST_KEY_UILaunchStoryboardName = LaunchScreen;
				INFOPLIST_KEY_UIMainStoryboardFile = Main;
				INFOPLIST_KEY_UISupportedInterfaceOrientations_iPad = "UIInterfaceOrientationPortrait UIInterfaceOrientationPortraitUpsideDown UIInterfaceOrientationLandscapeLeft UIInterfaceOrientationLandscapeRight";
				INFOPLIST_KEY_UISupportedInterfaceOrientations_iPhone = "UIInterfaceOrientationPortrait UIInterfaceOrientationLandscapeLeft UIInterfaceOrientationLandscapeRight";
				LD_RUNPATH_SEARCH_PATHS = (
					"$(inherited)",
					"@executable_path/Frameworks",
				);
				MARKETING_VERSION = 1.0;
				PRODUCT_BUNDLE_IDENTIFIER = KWK2022.ToDoListProject;
				PRODUCT_NAME = "$(TARGET_NAME)";
				SWIFT_EMIT_LOC_STRINGS = YES;
				SWIFT_VERSION = 5.0;
				TARGETED_DEVICE_FAMILY = "1,2";
			};
			name = Debug;
		};
		BD26C22328871E0F00A0DFE1 /* Release */ = {
			isa = XCBuildConfiguration;
			buildSettings = {
				ASSETCATALOG_COMPILER_APPICON_NAME = AppIcon;
				ASSETCATALOG_COMPILER_GLOBAL_ACCENT_COLOR_NAME = AccentColor;
				CODE_SIGN_STYLE = Automatic;
				CURRENT_PROJECT_VERSION = 1;
				DEVELOPMENT_TEAM = Y2J6A4NK9W;
				GENERATE_INFOPLIST_FILE = YES;
				INFOPLIST_FILE = ToDoListProject/Info.plist;
				INFOPLIST_KEY_UIApplicationSupportsIndirectInputEvents = YES;
				INFOPLIST_KEY_UILaunchStoryboardName = LaunchScreen;
				INFOPLIST_KEY_UIMainStoryboardFile = Main;
				INFOPLIST_KEY_UISupportedInterfaceOrientations_iPad = "UIInterfaceOrientationPortrait UIInterfaceOrientationPortraitUpsideDown UIInterfaceOrientationLandscapeLeft UIInterfaceOrientationLandscapeRight";
				INFOPLIST_KEY_UISupportedInterfaceOrientations_iPhone = "UIInterfaceOrientationPortrait UIInterfaceOrientationLandscapeLeft UIInterfaceOrientationLandscapeRight";
				LD_RUNPATH_SEARCH_PATHS = (
					"$(inherited)",
					"@executable_path/Frameworks",
				);
				MARKETING_VERSION = 1.0;
				PRODUCT_BUNDLE_IDENTIFIER = KWK2022.ToDoListProject;
				PRODUCT_NAME = "$(TARGET_NAME)";
				SWIFT_EMIT_LOC_STRINGS = YES;
				SWIFT_VERSION = 5.0;
				TARGETED_DEVICE_FAMILY = "1,2";
			};
			name = Release;
		};
		BD26C22528871E0F00A0DFE1 /* Debug */ = {
			isa = XCBuildConfiguration;
			buildSettings = {
				ALWAYS_EMBED_SWIFT_STANDARD_LIBRARIES = YES;
				BUNDLE_LOADER = "$(TEST_HOST)";
				CODE_SIGN_STYLE = Automatic;
				CURRENT_PROJECT_VERSION = 1;
				DEVELOPMENT_TEAM = Y2J6A4NK9W;
				GENERATE_INFOPLIST_FILE = YES;
				IPHONEOS_DEPLOYMENT_TARGET = 15.5;
				MARKETING_VERSION = 1.0;
				PRODUCT_BUNDLE_IDENTIFIER = KWK2022.ToDoListProjectTests;
				PRODUCT_NAME = "$(TARGET_NAME)";
				SWIFT_EMIT_LOC_STRINGS = NO;
				SWIFT_VERSION = 5.0;
				TARGETED_DEVICE_FAMILY = "1,2";
				TEST_HOST = "$(BUILT_PRODUCTS_DIR)/ToDoListProject.app/ToDoListProject";
			};
			name = Debug;
		};
		BD26C22628871E0F00A0DFE1 /* Release */ = {
			isa = XCBuildConfiguration;
			buildSettings = {
				ALWAYS_EMBED_SWIFT_STANDARD_LIBRARIES = YES;
				BUNDLE_LOADER = "$(TEST_HOST)";
				CODE_SIGN_STYLE = Automatic;
				CURRENT_PROJECT_VERSION = 1;
				DEVELOPMENT_TEAM = Y2J6A4NK9W;
				GENERATE_INFOPLIST_FILE = YES;
				IPHONEOS_DEPLOYMENT_TARGET = 15.5;
				MARKETING_VERSION = 1.0;
				PRODUCT_BUNDLE_IDENTIFIER = KWK2022.ToDoListProjectTests;
				PRODUCT_NAME = "$(TARGET_NAME)";
				SWIFT_EMIT_LOC_STRINGS = NO;
				SWIFT_VERSION = 5.0;
				TARGETED_DEVICE_FAMILY = "1,2";
				TEST_HOST = "$(BUILT_PRODUCTS_DIR)/ToDoListProject.app/ToDoListProject";
			};
			name = Release;
		};
		BD26C22828871E0F00A0DFE1 /* Debug */ = {
			isa = XCBuildConfiguration;
			buildSettings = {
				ALWAYS_EMBED_SWIFT_STANDARD_LIBRARIES = YES;
				CODE_SIGN_STYLE = Automatic;
				CURRENT_PROJECT_VERSION = 1;
				DEVELOPMENT_TEAM = Y2J6A4NK9W;
				GENERATE_INFOPLIST_FILE = YES;
				MARKETING_VERSION = 1.0;
				PRODUCT_BUNDLE_IDENTIFIER = KWK2022.ToDoListProjectUITests;
				PRODUCT_NAME = "$(TARGET_NAME)";
				SWIFT_EMIT_LOC_STRINGS = NO;
				SWIFT_VERSION = 5.0;
				TARGETED_DEVICE_FAMILY = "1,2";
				TEST_TARGET_NAME = ToDoListProject;
			};
			name = Debug;
		};
		BD26C22928871E0F00A0DFE1 /* Release */ = {
			isa = XCBuildConfiguration;
			buildSettings = {
				ALWAYS_EMBED_SWIFT_STANDARD_LIBRARIES = YES;
				CODE_SIGN_STYLE = Automatic;
				CURRENT_PROJECT_VERSION = 1;
				DEVELOPMENT_TEAM = Y2J6A4NK9W;
				GENERATE_INFOPLIST_FILE = YES;
				MARKETING_VERSION = 1.0;
				PRODUCT_BUNDLE_IDENTIFIER = KWK2022.ToDoListProjectUITests;
				PRODUCT_NAME = "$(TARGET_NAME)";
				SWIFT_EMIT_LOC_STRINGS = NO;
				SWIFT_VERSION = 5.0;
				TARGETED_DEVICE_FAMILY = "1,2";
				TEST_TARGET_NAME = ToDoListProject;
			};
			name = Release;
		};
/* End XCBuildConfiguration section */

/* Begin XCConfigurationList section */
		BD26C1EF28871E0C00A0DFE1 /* Build configuration list for PBXProject "ToDoListProject" */ = {
			isa = XCConfigurationList;
			buildConfigurations = (
				BD26C21F28871E0F00A0DFE1 /* Debug */,
				BD26C22028871E0F00A0DFE1 /* Release */,
			);
			defaultConfigurationIsVisible = 0;
			defaultConfigurationName = Release;
		};
		BD26C22128871E0F00A0DFE1 /* Build configuration list for PBXNativeTarget "ToDoListProject" */ = {
			isa = XCConfigurationList;
			buildConfigurations = (
				BD26C22228871E0F00A0DFE1 /* Debug */,
				BD26C22328871E0F00A0DFE1 /* Release */,
			);
			defaultConfigurationIsVisible = 0;
			defaultConfigurationName = Release;
		};
		BD26C22428871E0F00A0DFE1 /* Build configuration list for PBXNativeTarget "ToDoListProjectTests" */ = {
			isa = XCConfigurationList;
			buildConfigurations = (
				BD26C22528871E0F00A0DFE1 /* Debug */,
				BD26C22628871E0F00A0DFE1 /* Release */,
			);
			defaultConfigurationIsVisible = 0;
			defaultConfigurationName = Release;
		};
		BD26C22728871E0F00A0DFE1 /* Build configuration list for PBXNativeTarget "ToDoListProjectUITests" */ = {
			isa = XCConfigurationList;
			buildConfigurations = (
				BD26C22828871E0F00A0DFE1 /* Debug */,
				BD26C22928871E0F00A0DFE1 /* Release */,
			);
			defaultConfigurationIsVisible = 0;
			defaultConfigurationName = Release;
		};
/* End XCConfigurationList section */

/* Begin XCVersionGroup section */
		BD26C20028871E0C00A0DFE1 /* ToDoListProject.xcdatamodeld */ = {
			isa = XCVersionGroup;
			children = (
				BD26C20128871E0C00A0DFE1 /* ToDoListProject.xcdatamodel */,
			);
			currentVersion = BD26C20128871E0C00A0DFE1 /* ToDoListProject.xcdatamodel */;
			path = ToDoListProject.xcdatamodeld;
			sourceTree = "<group>";
			versionGroupType = wrapper.xcdatamodel;
		};
/* End XCVersionGroup section */
	};
	rootObject = BD26C1EC28871E0C00A0DFE1 /* Project object */;
}
